{
  "originHash" : "c0426de81742e46f1842748cde5e714a7232505fa70279f53874385091112c37",
  "pins" : [
    {
      "identity" : "swift-hw",
      "kind" : "remoteSourceControl",
      "location" : "https://github.com/adriangalilea/swift-hw",
      "state" : {
        "revision" : "49a332744eb0262dca9a3b7865e7662d921d92e6",
        "version" : "0.1.0"
      }
    },
    {
      "identity" : "swift-utils",
      "kind" : "remoteSourceControl",
      "location" : "https://github.com/adriangalilea/swift-utils",
      "state" : {
        "revision" : "711862554780fabdab1d0a28cbf389eb43d3c16b",
        "version" : "0.13.0"
      }
    }
  ],
  "version" : 3
}
